
Microsoft Visual Studio Solution File, Format Version 12.00
# Visual Studio Version 16
VisualStudioVersion = 16.0.29920.165
MinimumVisualStudioVersion = 10.0.40219.1
Project("{FAE04EC0-301F-11D3-BF4B-00C04F79EFBC}") = "Snake Game", "Snake Game.csproj", "{D0D7F321-6342-49A1-B4BA-534738B3202B}"
EndProject
Project("{54435603-DBB4-11D2-8724-00A0C9A8B90C}") = "Setup", "..\Setup\Setup.vdproj", "{91A75C6D-F9DD-4FD5-B5F0-F8DD5E373646}"
EndProject
Global
	GlobalSection(SolutionConfigurationPlatforms) = preSolution
		Debug|Any CPU = Debug|Any CPU
		Release|Any CPU = Release|Any CPU
	EndGlobalSection
	GlobalSection(ProjectConfigurationPlatforms) = postSolution
		{D0D7F321-6342-49A1-B4BA-534738B3202B}.Debug|Any CPU.ActiveCfg = Debug|Any CPU
		{D0D7F321-6342-49A1-B4BA-534738B3202B}.Debug|Any CPU.Build.0 = Debug|Any CPU
		{D0D7F321-6342-49A1-B4BA-534738B3202B}.Release|Any CPU.ActiveCfg = Release|Any CPU
		{D0D7F321-6342-49A1-B4BA-534738B3202B}.Release|Any CPU.Build.0 = Release|Any CPU
		{91A75C6D-F9DD-4FD5-B5F0-F8DD5E373646}.Debug|Any CPU.ActiveCfg = Debug
		{91A75C6D-F9DD-4FD5-B5F0-F8DD5E373646}.Release|Any CPU.ActiveCfg = Release
	EndGlobalSection
	GlobalSection(SolutionProperties) = preSolution
		HideSolutionNode = FALSE
	EndGlobalSection
	GlobalSection(ExtensibilityGlobals) = postSolution
		SolutionGuid = {51CAC43B-9A97-4022-AAF2-036A91923E8E}
	EndGlobalSection
EndGlobal
